
Microsoft Visual Studio Solution File, Format Version 12.00
# Visual Studio Version 17
VisualStudioVersion = 17.5.33627.172
MinimumVisualStudioVersion = 10.0.40219.1
Project("{FAE04EC0-301F-11D3-BF4B-00C04F79EFBC}") = "DataLayer", "DataLayer\DataLayer.csproj", "{81C5549C-A521-46F4-AF73-3BE0EB4034FB}"
EndProject
Global
	GlobalSection(SolutionConfigurationPlatforms) = preSolution
		Debug|Any CPU = Debug|Any CPU
		Release|Any CPU = Release|Any CPU
	EndGlobalSection
	GlobalSection(ProjectConfigurationPlatforms) = postSolution
		{81C5549C-A521-46F4-AF73-3BE0EB4034FB}.Debug|Any CPU.ActiveCfg = Debug|Any CPU
		{81C5549C-A521-46F4-AF73-3BE0EB4034FB}.Debug|Any CPU.Build.0 = Debug|Any CPU
		{81C5549C-A521-46F4-AF73-3BE0EB4034FB}.Release|Any CPU.ActiveCfg = Release|Any CPU
		{81C5549C-A521-46F4-AF73-3BE0EB4034FB}.Release|Any CPU.Build.0 = Release|Any CPU
	EndGlobalSection
	GlobalSection(SolutionProperties) = preSolution
		HideSolutionNode = FALSE
	EndGlobalSection
	GlobalSection(ExtensibilityGlobals) = postSolution
		SolutionGuid = {EA8329C9-5A47-40E3-A2A3-6426C7831FA3}
	EndGlobalSection
EndGlobal
